# This file is automatically @generated by Cargo.
# It is not intended for manual editing.
version = 3

[[package]]
name = "html-escape"
version = "0.2.12"
source = "registry+https://github.com/rust-lang/crates.io-index"
checksum = "15315cfa9503e9aa85a477138eff76a1b203a430703548052c330b69d8d8c205"
dependencies = [
 "utf8-width",
]

[[package]]
name = "roxmltree"
version = "0.13.1"
source = "registry+https://github.com/rust-lang/crates.io-index"
checksum = "dbf7d7b1ea646d380d0e8153158063a6da7efe30ddbf3184042848e3f8a6f671"
dependencies = [
 "xmlparser",
]

[[package]]
name = "svg-text-rs"
version = "0.1.0"
dependencies = [
 "html-escape",
 "roxmltree",
]

[[package]]
name = "utf8-width"
version = "0.1.6"
source = "registry+https://github.com/rust-lang/crates.io-index"
checksum = "5190c9442dcdaf0ddd50f37420417d219ae5261bbf5db120d0f9bab996c9cba1"

[[package]]
name = "xmlparser"
version = "0.13.5"
source = "registry+https://github.com/rust-lang/crates.io-index"
checksum = "4d25c75bf9ea12c4040a97f829154768bbbce366287e2dc044af160cd79a13fd"
